PODS:
  - Alamofire (4.5.0)
  - JSONCodable (3.0.1)
  - PKHUD (4.2.3)

DEPENDENCIES:
  - Alamofire (~> 4.5.0)
  - JSONCodable (~> 3.0.1)
  - PKHUD (~> 4.2.3)

SPEC CHECKSUMS:
  Alamofire: f28cdffd29de33a7bfa022cbd63ae95a27fae140
  JSONCodable: bd8616ae881befe2b82fbbf56d98b2dd377ac662
  PKHUD: c7692163a09875cbf15827dc581df3c5cf7f1015

PODFILE CHECKSUM: 036651e8f5286b8223dd2dad8dff591ab9ac35a3

COCOAPODS: 1.2.1
